
Microsoft Visual Studio Solution File, Format Version 12.00
# Visual Studio Version 16
VisualStudioVersion = 16.0.31515.178
MinimumVisualStudioVersion = 10.0.40219.1
Project("{FAE04EC0-301F-11D3-BF4B-00C04F79EFBC}") = "ElevenNote.WebAPI", "ElevenNote.WebAPI\ElevenNote.WebAPI.csproj", "{8B863F87-5D99-4C28-B9E0-7B613176C28C}"
EndProject
Project("{FAE04EC0-301F-11D3-BF4B-00C04F79EFBC}") = "ElevenNote.Data", "ElevenNote.Data\ElevenNote.Data.csproj", "{03C1B3E2-4F23-4F79-8FFF-09E8EBC74ACF}"
EndProject
Project("{FAE04EC0-301F-11D3-BF4B-00C04F79EFBC}") = "ElevenNote.Models", "ElevenNote.Models\ElevenNote.Models.csproj", "{59330A22-D2B3-4E18-AC8B-ABF40F979E9B}"
EndProject
Project("{FAE04EC0-301F-11D3-BF4B-00C04F79EFBC}") = "ElevenNote.Services", "ElevenNote.Services\ElevenNote.Services.csproj", "{D572407C-D064-4DEF-BA4A-2E2FD21C5BB5}"
EndProject
Global
	GlobalSection(SolutionConfigurationPlatforms) = preSolution
		Debug|Any CPU = Debug|Any CPU
		Release|Any CPU = Release|Any CPU
	EndGlobalSection
	GlobalSection(ProjectConfigurationPlatforms) = postSolution
		{8B863F87-5D99-4C28-B9E0-7B613176C28C}.Debug|Any CPU.ActiveCfg = Debug|Any CPU
		{8B863F87-5D99-4C28-B9E0-7B613176C28C}.Debug|Any CPU.Build.0 = Debug|Any CPU
		{8B863F87-5D99-4C28-B9E0-7B613176C28C}.Release|Any CPU.ActiveCfg = Release|Any CPU
		{8B863F87-5D99-4C28-B9E0-7B613176C28C}.Release|Any CPU.Build.0 = Release|Any CPU
		{03C1B3E2-4F23-4F79-8FFF-09E8EBC74ACF}.Debug|Any CPU.ActiveCfg = Debug|Any CPU
		{03C1B3E2-4F23-4F79-8FFF-09E8EBC74ACF}.Debug|Any CPU.Build.0 = Debug|Any CPU
		{03C1B3E2-4F23-4F79-8FFF-09E8EBC74ACF}.Release|Any CPU.ActiveCfg = Release|Any CPU
		{03C1B3E2-4F23-4F79-8FFF-09E8EBC74ACF}.Release|Any CPU.Build.0 = Release|Any CPU
		{59330A22-D2B3-4E18-AC8B-ABF40F979E9B}.Debug|Any CPU.ActiveCfg = Debug|Any CPU
		{59330A22-D2B3-4E18-AC8B-ABF40F979E9B}.Debug|Any CPU.Build.0 = Debug|Any CPU
		{59330A22-D2B3-4E18-AC8B-ABF40F979E9B}.Release|Any CPU.ActiveCfg = Release|Any CPU
		{59330A22-D2B3-4E18-AC8B-ABF40F979E9B}.Release|Any CPU.Build.0 = Release|Any CPU
		{D572407C-D064-4DEF-BA4A-2E2FD21C5BB5}.Debug|Any CPU.ActiveCfg = Debug|Any CPU
		{D572407C-D064-4DEF-BA4A-2E2FD21C5BB5}.Debug|Any CPU.Build.0 = Debug|Any CPU
		{D572407C-D064-4DEF-BA4A-2E2FD21C5BB5}.Release|Any CPU.ActiveCfg = Release|Any CPU
		{D572407C-D064-4DEF-BA4A-2E2FD21C5BB5}.Release|Any CPU.Build.0 = Release|Any CPU
	EndGlobalSection
	GlobalSection(SolutionProperties) = preSolution
		HideSolutionNode = FALSE
	EndGlobalSection
	GlobalSection(ExtensibilityGlobals) = postSolution
		SolutionGuid = {0677A21C-62FC-433C-A9DB-CBC72ECFE5E1}
	EndGlobalSection
EndGlobal
